
Microsoft Visual Studio Solution File, Format Version 12.00
# Visual Studio 15
VisualStudioVersion = 15.0.27703.2042
MinimumVisualStudioVersion = 10.0.40219.1
Project("{FAE04EC0-301F-11D3-BF4B-00C04F79EFBC}") = "_5_Grid", "_5_Grid\_5_Grid.csproj", "{C54EDB8F-ABB5-4161-BAEE-353DC00DFDB7}"
EndProject
Global
	GlobalSection(SolutionConfigurationPlatforms) = preSolution
		Debug|Any CPU = Debug|Any CPU
		Release|Any CPU = Release|Any CPU
	EndGlobalSection
	GlobalSection(ProjectConfigurationPlatforms) = postSolution
		{C54EDB8F-ABB5-4161-BAEE-353DC00DFDB7}.Debug|Any CPU.ActiveCfg = Debug|Any CPU
		{C54EDB8F-ABB5-4161-BAEE-353DC00DFDB7}.Debug|Any CPU.Build.0 = Debug|Any CPU
		{C54EDB8F-ABB5-4161-BAEE-353DC00DFDB7}.Release|Any CPU.ActiveCfg = Release|Any CPU
		{C54EDB8F-ABB5-4161-BAEE-353DC00DFDB7}.Release|Any CPU.Build.0 = Release|Any CPU
	EndGlobalSection
	GlobalSection(SolutionProperties) = preSolution
		HideSolutionNode = FALSE
	EndGlobalSection
	GlobalSection(ExtensibilityGlobals) = postSolution
		SolutionGuid = {1FA9E36E-4B54-486D-93F1-32DF33B743D1}
	EndGlobalSection
EndGlobal
