
Microsoft Visual Studio Solution File, Format Version 12.00
# Visual Studio 15
VisualStudioVersion = 15.0.28010.2036
MinimumVisualStudioVersion = 10.0.40219.1
Project("{FAE04EC0-301F-11D3-BF4B-00C04F79EFBC}") = "异步简介", "异步简介\异步简介.csproj", "{5213DD93-E899-498F-A87D-CB246B07D695}"
EndProject
Global
	GlobalSection(SolutionConfigurationPlatforms) = preSolution
		Debug|Any CPU = Debug|Any CPU
		Release|Any CPU = Release|Any CPU
	EndGlobalSection
	GlobalSection(ProjectConfigurationPlatforms) = postSolution
		{5213DD93-E899-498F-A87D-CB246B07D695}.Debug|Any CPU.ActiveCfg = Debug|Any CPU
		{5213DD93-E899-498F-A87D-CB246B07D695}.Debug|Any CPU.Build.0 = Debug|Any CPU
		{5213DD93-E899-498F-A87D-CB246B07D695}.Release|Any CPU.ActiveCfg = Release|Any CPU
		{5213DD93-E899-498F-A87D-CB246B07D695}.Release|Any CPU.Build.0 = Release|Any CPU
	EndGlobalSection
	GlobalSection(SolutionProperties) = preSolution
		HideSolutionNode = FALSE
	EndGlobalSection
	GlobalSection(ExtensibilityGlobals) = postSolution
		SolutionGuid = {AC6A3E9C-C853-4ABC-A59C-71D7CBCEB30A}
	EndGlobalSection
EndGlobal
