
Microsoft Visual Studio Solution File, Format Version 12.00
# Visual Studio 2012
Project("{FAE04EC0-301F-11D3-BF4B-00C04F79EFBC}") = "1.ref", "1.ref\1.ref.csproj", "{918D76B3-16BD-4BEA-911E-4F75BA642954}"
EndProject
Project("{FAE04EC0-301F-11D3-BF4B-00C04F79EFBC}") = "_2_out", "_2_out\_2_out.csproj", "{4686426A-9C46-4321-B117-A01A26402017}"
EndProject
Global
	GlobalSection(SolutionConfigurationPlatforms) = preSolution
		Debug|Any CPU = Debug|Any CPU
		Release|Any CPU = Release|Any CPU
	EndGlobalSection
	GlobalSection(ProjectConfigurationPlatforms) = postSolution
		{918D76B3-16BD-4BEA-911E-4F75BA642954}.Debug|Any CPU.ActiveCfg = Debug|Any CPU
		{918D76B3-16BD-4BEA-911E-4F75BA642954}.Debug|Any CPU.Build.0 = Debug|Any CPU
		{918D76B3-16BD-4BEA-911E-4F75BA642954}.Release|Any CPU.ActiveCfg = Release|Any CPU
		{918D76B3-16BD-4BEA-911E-4F75BA642954}.Release|Any CPU.Build.0 = Release|Any CPU
		{4686426A-9C46-4321-B117-A01A26402017}.Debug|Any CPU.ActiveCfg = Debug|Any CPU
		{4686426A-9C46-4321-B117-A01A26402017}.Debug|Any CPU.Build.0 = Debug|Any CPU
		{4686426A-9C46-4321-B117-A01A26402017}.Release|Any CPU.ActiveCfg = Release|Any CPU
		{4686426A-9C46-4321-B117-A01A26402017}.Release|Any CPU.Build.0 = Release|Any CPU
	EndGlobalSection
	GlobalSection(SolutionProperties) = preSolution
		HideSolutionNode = FALSE
	EndGlobalSection
EndGlobal
