
Microsoft Visual Studio Solution File, Format Version 12.00
# Visual Studio 2012
Project("{FAE04EC0-301F-11D3-BF4B-00C04F79EFBC}") = "1.值类型", "值类型\1.值类型.csproj", "{7C6A70BE-6C16-4220-9CA9-467E4EFDB413}"
EndProject
Project("{FAE04EC0-301F-11D3-BF4B-00C04F79EFBC}") = "枚举enum", "枚举enum\枚举enum.csproj", "{26EA4FBB-AFF5-4AC8-8B5A-39FE0EF02C6A}"
EndProject
Global
	GlobalSection(SolutionConfigurationPlatforms) = preSolution
		Debug|Any CPU = Debug|Any CPU
		Release|Any CPU = Release|Any CPU
	EndGlobalSection
	GlobalSection(ProjectConfigurationPlatforms) = postSolution
		{7C6A70BE-6C16-4220-9CA9-467E4EFDB413}.Debug|Any CPU.ActiveCfg = Debug|Any CPU
		{7C6A70BE-6C16-4220-9CA9-467E4EFDB413}.Debug|Any CPU.Build.0 = Debug|Any CPU
		{7C6A70BE-6C16-4220-9CA9-467E4EFDB413}.Release|Any CPU.ActiveCfg = Release|Any CPU
		{7C6A70BE-6C16-4220-9CA9-467E4EFDB413}.Release|Any CPU.Build.0 = Release|Any CPU
		{26EA4FBB-AFF5-4AC8-8B5A-39FE0EF02C6A}.Debug|Any CPU.ActiveCfg = Debug|Any CPU
		{26EA4FBB-AFF5-4AC8-8B5A-39FE0EF02C6A}.Debug|Any CPU.Build.0 = Debug|Any CPU
		{26EA4FBB-AFF5-4AC8-8B5A-39FE0EF02C6A}.Release|Any CPU.ActiveCfg = Release|Any CPU
		{26EA4FBB-AFF5-4AC8-8B5A-39FE0EF02C6A}.Release|Any CPU.Build.0 = Release|Any CPU
	EndGlobalSection
	GlobalSection(SolutionProperties) = preSolution
		HideSolutionNode = FALSE
	EndGlobalSection
EndGlobal
