
Microsoft Visual Studio Solution File, Format Version 12.00
# Visual Studio 2012
Project("{FAE04EC0-301F-11D3-BF4B-00C04F79EFBC}") = "_1_使用压缩流", "_1_使用压缩流\_1_使用压缩流.csproj", "{04521FA7-81D7-4A58-B140-4B8252F7DA6C}"
EndProject
Project("{FAE04EC0-301F-11D3-BF4B-00C04F79EFBC}") = "_2_压缩文件", "_2_压缩文件\_2_压缩文件.csproj", "{3EBD31AA-F092-4BFF-BC92-AAF1A52F29D6}"
EndProject
Global
	GlobalSection(SolutionConfigurationPlatforms) = preSolution
		Debug|Any CPU = Debug|Any CPU
		Release|Any CPU = Release|Any CPU
	EndGlobalSection
	GlobalSection(ProjectConfigurationPlatforms) = postSolution
		{04521FA7-81D7-4A58-B140-4B8252F7DA6C}.Debug|Any CPU.ActiveCfg = Debug|Any CPU
		{04521FA7-81D7-4A58-B140-4B8252F7DA6C}.Debug|Any CPU.Build.0 = Debug|Any CPU
		{04521FA7-81D7-4A58-B140-4B8252F7DA6C}.Release|Any CPU.ActiveCfg = Release|Any CPU
		{04521FA7-81D7-4A58-B140-4B8252F7DA6C}.Release|Any CPU.Build.0 = Release|Any CPU
		{3EBD31AA-F092-4BFF-BC92-AAF1A52F29D6}.Debug|Any CPU.ActiveCfg = Debug|Any CPU
		{3EBD31AA-F092-4BFF-BC92-AAF1A52F29D6}.Debug|Any CPU.Build.0 = Debug|Any CPU
		{3EBD31AA-F092-4BFF-BC92-AAF1A52F29D6}.Release|Any CPU.ActiveCfg = Release|Any CPU
		{3EBD31AA-F092-4BFF-BC92-AAF1A52F29D6}.Release|Any CPU.Build.0 = Release|Any CPU
	EndGlobalSection
	GlobalSection(SolutionProperties) = preSolution
		HideSolutionNode = FALSE
	EndGlobalSection
EndGlobal
