
Microsoft Visual Studio Solution File, Format Version 12.00
# Visual Studio 14
VisualStudioVersion = 14.0.25420.1
MinimumVisualStudioVersion = 10.0.40219.1
Project("{FAE04EC0-301F-11D3-BF4B-00C04F79EFBC}") = "_1_使用空间DataContext作为数据源", "_2_5_使用空间DataContext作为数据源\_1_使用空间DataContext作为数据源.csproj", "{A55AB0DD-2B17-47D2-A575-B8A5B58B7A96}"
EndProject
Project("{FAE04EC0-301F-11D3-BF4B-00C04F79EFBC}") = "_2_依赖属性", "_2_5_1_依赖属性\_2_依赖属性.csproj", "{D34D6A24-6EC2-4C29-B738-9A650C92FF7E}"
EndProject
Global
	GlobalSection(SolutionConfigurationPlatforms) = preSolution
		Debug|Any CPU = Debug|Any CPU
		Release|Any CPU = Release|Any CPU
	EndGlobalSection
	GlobalSection(ProjectConfigurationPlatforms) = postSolution
		{A55AB0DD-2B17-47D2-A575-B8A5B58B7A96}.Debug|Any CPU.ActiveCfg = Debug|Any CPU
		{A55AB0DD-2B17-47D2-A575-B8A5B58B7A96}.Debug|Any CPU.Build.0 = Debug|Any CPU
		{A55AB0DD-2B17-47D2-A575-B8A5B58B7A96}.Release|Any CPU.ActiveCfg = Release|Any CPU
		{A55AB0DD-2B17-47D2-A575-B8A5B58B7A96}.Release|Any CPU.Build.0 = Release|Any CPU
		{D34D6A24-6EC2-4C29-B738-9A650C92FF7E}.Debug|Any CPU.ActiveCfg = Debug|Any CPU
		{D34D6A24-6EC2-4C29-B738-9A650C92FF7E}.Debug|Any CPU.Build.0 = Debug|Any CPU
		{D34D6A24-6EC2-4C29-B738-9A650C92FF7E}.Release|Any CPU.ActiveCfg = Release|Any CPU
		{D34D6A24-6EC2-4C29-B738-9A650C92FF7E}.Release|Any CPU.Build.0 = Release|Any CPU
	EndGlobalSection
	GlobalSection(SolutionProperties) = preSolution
		HideSolutionNode = FALSE
	EndGlobalSection
EndGlobal
