
Microsoft Visual Studio Solution File, Format Version 12.00
# Visual Studio 14
VisualStudioVersion = 14.0.25420.1
MinimumVisualStudioVersion = 10.0.40219.1
Project("{FAE04EC0-301F-11D3-BF4B-00C04F79EFBC}") = "_2_1_将控件作为Binding源", "_2_1_将控件作为Binding源\_2_1_将控件作为Binding源.csproj", "{D5857989-CF53-4349-8752-51EE4FA9FC46}"
EndProject
Global
	GlobalSection(SolutionConfigurationPlatforms) = preSolution
		Debug|Any CPU = Debug|Any CPU
		Release|Any CPU = Release|Any CPU
	EndGlobalSection
	GlobalSection(ProjectConfigurationPlatforms) = postSolution
		{D5857989-CF53-4349-8752-51EE4FA9FC46}.Debug|Any CPU.ActiveCfg = Debug|Any CPU
		{D5857989-CF53-4349-8752-51EE4FA9FC46}.Debug|Any CPU.Build.0 = Debug|Any CPU
		{D5857989-CF53-4349-8752-51EE4FA9FC46}.Release|Any CPU.ActiveCfg = Release|Any CPU
		{D5857989-CF53-4349-8752-51EE4FA9FC46}.Release|Any CPU.Build.0 = Release|Any CPU
	EndGlobalSection
	GlobalSection(SolutionProperties) = preSolution
		HideSolutionNode = FALSE
	EndGlobalSection
EndGlobal
