
Microsoft Visual Studio Solution File, Format Version 12.00
# Visual Studio 14
VisualStudioVersion = 14.0.25420.1
MinimumVisualStudioVersion = 10.0.40219.1
Project("{FAE04EC0-301F-11D3-BF4B-00C04F79EFBC}") = "_1_显示长度及指定位置字符", "_1_显示长度及指定位置字符\_1_显示长度及指定位置字符.csproj", "{FFAF2BA1-B18E-4639-A430-454BA5BAE5E6}"
EndProject
Project("{FAE04EC0-301F-11D3-BF4B-00C04F79EFBC}") = "_2_1_访问根节点元素", "_2_1_访问根节点元素\_2_1_访问根节点元素.csproj", "{5D29ECF9-3A8B-441C-AE4E-8BE83F9F9077}"
EndProject
Project("{FAE04EC0-301F-11D3-BF4B-00C04F79EFBC}") = "_2_2_访问子级元素", "_2_2_访问子级元素\_2_2_访问子级元素.csproj", "{B40940DB-C6E2-4363-B6EB-49065512ED24}"
EndProject
Global
	GlobalSection(SolutionConfigurationPlatforms) = preSolution
		Debug|Any CPU = Debug|Any CPU
		Release|Any CPU = Release|Any CPU
	EndGlobalSection
	GlobalSection(ProjectConfigurationPlatforms) = postSolution
		{FFAF2BA1-B18E-4639-A430-454BA5BAE5E6}.Debug|Any CPU.ActiveCfg = Debug|Any CPU
		{FFAF2BA1-B18E-4639-A430-454BA5BAE5E6}.Debug|Any CPU.Build.0 = Debug|Any CPU
		{FFAF2BA1-B18E-4639-A430-454BA5BAE5E6}.Release|Any CPU.ActiveCfg = Release|Any CPU
		{FFAF2BA1-B18E-4639-A430-454BA5BAE5E6}.Release|Any CPU.Build.0 = Release|Any CPU
		{5D29ECF9-3A8B-441C-AE4E-8BE83F9F9077}.Debug|Any CPU.ActiveCfg = Debug|Any CPU
		{5D29ECF9-3A8B-441C-AE4E-8BE83F9F9077}.Debug|Any CPU.Build.0 = Debug|Any CPU
		{5D29ECF9-3A8B-441C-AE4E-8BE83F9F9077}.Release|Any CPU.ActiveCfg = Release|Any CPU
		{5D29ECF9-3A8B-441C-AE4E-8BE83F9F9077}.Release|Any CPU.Build.0 = Release|Any CPU
		{B40940DB-C6E2-4363-B6EB-49065512ED24}.Debug|Any CPU.ActiveCfg = Debug|Any CPU
		{B40940DB-C6E2-4363-B6EB-49065512ED24}.Debug|Any CPU.Build.0 = Debug|Any CPU
		{B40940DB-C6E2-4363-B6EB-49065512ED24}.Release|Any CPU.ActiveCfg = Release|Any CPU
		{B40940DB-C6E2-4363-B6EB-49065512ED24}.Release|Any CPU.Build.0 = Release|Any CPU
	EndGlobalSection
	GlobalSection(SolutionProperties) = preSolution
		HideSolutionNode = FALSE
	EndGlobalSection
EndGlobal
