
Microsoft Visual Studio Solution File, Format Version 12.00
# Visual Studio 2012
Project("{FAE04EC0-301F-11D3-BF4B-00C04F79EFBC}") = "_1.函数重载", "_1.函数重载\_1.函数重载.csproj", "{77F33059-0CDB-4677-8DE8-1C4ADAF93DA2}"
EndProject
Project("{FAE04EC0-301F-11D3-BF4B-00C04F79EFBC}") = "_2.运算符重载", "_2.运算符重载\_2.运算符重载.csproj", "{ED0CB625-498D-46BE-BB2C-92969A92A468}"
EndProject
Global
	GlobalSection(SolutionConfigurationPlatforms) = preSolution
		Debug|Any CPU = Debug|Any CPU
		Release|Any CPU = Release|Any CPU
	EndGlobalSection
	GlobalSection(ProjectConfigurationPlatforms) = postSolution
		{77F33059-0CDB-4677-8DE8-1C4ADAF93DA2}.Debug|Any CPU.ActiveCfg = Debug|Any CPU
		{77F33059-0CDB-4677-8DE8-1C4ADAF93DA2}.Debug|Any CPU.Build.0 = Debug|Any CPU
		{77F33059-0CDB-4677-8DE8-1C4ADAF93DA2}.Release|Any CPU.ActiveCfg = Release|Any CPU
		{77F33059-0CDB-4677-8DE8-1C4ADAF93DA2}.Release|Any CPU.Build.0 = Release|Any CPU
		{ED0CB625-498D-46BE-BB2C-92969A92A468}.Debug|Any CPU.ActiveCfg = Debug|Any CPU
		{ED0CB625-498D-46BE-BB2C-92969A92A468}.Debug|Any CPU.Build.0 = Debug|Any CPU
		{ED0CB625-498D-46BE-BB2C-92969A92A468}.Release|Any CPU.ActiveCfg = Release|Any CPU
		{ED0CB625-498D-46BE-BB2C-92969A92A468}.Release|Any CPU.Build.0 = Release|Any CPU
	EndGlobalSection
	GlobalSection(SolutionProperties) = preSolution
		HideSolutionNode = FALSE
	EndGlobalSection
EndGlobal
