
Microsoft Visual Studio Solution File, Format Version 12.00
# Visual Studio 14
VisualStudioVersion = 14.0.25420.1
MinimumVisualStudioVersion = 10.0.40219.1
Project("{FAE04EC0-301F-11D3-BF4B-00C04F79EFBC}") = "ModeFirst开发方式", "ModeFirst开发方式\ModeFirst开发方式.csproj", "{129D1287-47D0-4D4B-9D78-D8749E46333E}"
EndProject
Global
	GlobalSection(SolutionConfigurationPlatforms) = preSolution
		Debug|Any CPU = Debug|Any CPU
		Release|Any CPU = Release|Any CPU
	EndGlobalSection
	GlobalSection(ProjectConfigurationPlatforms) = postSolution
		{129D1287-47D0-4D4B-9D78-D8749E46333E}.Debug|Any CPU.ActiveCfg = Debug|Any CPU
		{129D1287-47D0-4D4B-9D78-D8749E46333E}.Debug|Any CPU.Build.0 = Debug|Any CPU
		{129D1287-47D0-4D4B-9D78-D8749E46333E}.Release|Any CPU.ActiveCfg = Release|Any CPU
		{129D1287-47D0-4D4B-9D78-D8749E46333E}.Release|Any CPU.Build.0 = Release|Any CPU
	EndGlobalSection
	GlobalSection(SolutionProperties) = preSolution
		HideSolutionNode = FALSE
	EndGlobalSection
EndGlobal
